// !$*UTF8*$!
{
	archiveVersion = 1;
	classes = {
	};
	objectVersion = 46;
	objects = {

/* Begin PBXBuildFile section */
		9F46D8DB1C771FF20079AC31 /* main.m in Sources */ = {isa = PBXBuildFile; fileRef = 9F46D8DA1C771FF20079AC31 /* main.m */; };
		9F46D8DE1C771FF20079AC31 /* AppDelegate.m in Sources */ = {isa = PBXBuildFile; fileRef = 9F46D8DD1C771FF20079AC31 /* AppDelegate.m */; };
		9F46D8E11C771FF20079AC31 /* ViewController.m in Sources */ = {isa = PBXBuildFile; fileRef = 9F46D8E01C771FF20079AC31 /* ViewController.m */; };
		9F46D8E41C771FF20079AC31 /* Main.storyboard in Resources */ = {isa = PBXBuildFile; fileRef = 9F46D8E21C771FF20079AC31 /* Main.storyboard */; };
		9F46D8E61C771FF20079AC31 /* Assets.xcassets in Resources */ = {isa = PBXBuildFile; fileRef = 9F46D8E51C771FF20079AC31 /* Assets.xcassets */; };
		9F46D8E91C771FF20079AC31 /* LaunchScreen.storyboard in Resources */ = {isa = PBXBuildFile; fileRef = 9F46D8E71C771FF20079AC31 /* LaunchScreen.storyboard */; };
		9F46D8F41C771FF20079AC31 /* ApplePayDemoTests.m in Sources */ = {isa = PBXBuildFile; fileRef = 9F46D8F31C771FF20079AC31 /* ApplePayDemoTests.m */; };
		9F46D8FF1C771FF20079AC31 /* ApplePayDemoUITests.m in Sources */ = {isa = PBXBuildFile; fileRef = 9F46D8FE1C771FF20079AC31 /* ApplePayDemoUITests.m */; };
		9F46D9101C77266C0079AC31 /* PassKit.framework in Frameworks */ = {isa = PBXBuildFile; fileRef = 9F46D90F1C77266C0079AC31 /* PassKit.framework */; };
/* End PBXBuildFile section */

/* Begin PBXContainerItemProxy section */
		9F46D8F01C771FF20079AC31 /* PBXContainerItemProxy */ = {
			isa = PBXContainerItemProxy;
			containerPortal = 9F46D8CE1C771FF20079AC31 /* Project object */;
			proxyType = 1;
			remoteGlobalIDString = 9F46D8D51C771FF20079AC31;
			remoteInfo = ApplePayDemo;
		};
		9F46D8FB1C771FF20079AC31 /* PBXContainerItemProxy */ = {
			isa = PBXContainerItemProxy;
			containerPortal = 9F46D8CE1C771FF20079AC31 /* Project object */;
			proxyType = 1;
			remoteGlobalIDString = 9F46D8D51C771FF20079AC31;
			remoteInfo = ApplePayDemo;
		};
/* End PBXContainerItemProxy section */

/* Begin PBXFileReference section */
		8FC90F511C782E830036451F /* UPAPayPlugin.h */ = {isa = PBXFileReference; fileEncoding = 4; lastKnownFileType = sourcecode.c.h; path = UPAPayPlugin.h; sourceTree = "<group>"; };
		8FC90F521C782E830036451F /* UPAPayPluginDelegate.h */ = {isa = PBXFileReference; fileEncoding = 4; lastKnownFileType = sourcecode.c.h; path = UPAPayPluginDelegate.h; sourceTree = "<group>"; };
		8FC90F541C782E830036451F /* libUPAPayPlugin.a */ = {isa = PBXFileReference; lastKnownFileType = archive.ar; path = libUPAPayPlugin.a; sourceTree = "<group>"; };
		9F46D8D61C771FF20079AC31 /* ApplePayDemo.app */ = {isa = PBXFileReference; explicitFileType = wrapper.application; includeInIndex = 0; path = ApplePayDemo.app; sourceTree = BUILT_PRODUCTS_DIR; };
		9F46D8DA1C771FF20079AC31 /* main.m */ = {isa = PBXFileReference; lastKnownFileType = sourcecode.c.objc; path = main.m; sourceTree = "<group>"; };
		9F46D8DC1C771FF20079AC31 /* AppDelegate.h */ = {isa = PBXFileReference; lastKnownFileType = sourcecode.c.h; path = AppDelegate.h; sourceTree = "<group>"; };
		9F46D8DD1C771FF20079AC31 /* AppDelegate.m */ = {isa = PBXFileReference; lastKnownFileType = sourcecode.c.objc; path = AppDelegate.m; sourceTree = "<group>"; };
		9F46D8DF1C771FF20079AC31 /* ViewController.h */ = {isa = PBXFileReference; lastKnownFileType = sourcecode.c.h; path = ViewController.h; sourceTree = "<group>"; };
		9F46D8E01C771FF20079AC31 /* ViewController.m */ = {isa = PBXFileReference; lastKnownFileType = sourcecode.c.objc; path = ViewController.m; sourceTree = "<group>"; };
		9F46D8E31C771FF20079AC31 /* Base */ = {isa = PBXFileReference; lastKnownFileType = file.storyboard; name = Base; path = Base.lproj/Main.storyboard; sourceTree = "<group>"; };
		9F46D8E51C771FF20079AC31 /* Assets.xcassets */ = {isa = PBXFileReference; lastKnownFileType = folder.assetcatalog; path = Assets.xcassets; sourceTree = "<group>"; };
		9F46D8E81C771FF20079AC31 /* Base */ = {isa = PBXFileReference; lastKnownFileType = file.storyboard; name = Base; path = Base.lproj/LaunchScreen.storyboard; sourceTree = "<group>"; };
		9F46D8EA1C771FF20079AC31 /* Info.plist */ = {isa = PBXFileReference; lastKnownFileType = text.plist.xml; path = Info.plist; sourceTree = "<group>"; };
		9F46D8EF1C771FF20079AC31 /* ApplePayDemoTests.xctest */ = {isa = PBXFileReference; explicitFileType = wrapper.cfbundle; includeInIndex = 0; path = ApplePayDemoTests.xctest; sourceTree = BUILT_PRODUCTS_DIR; };
		9F46D8F31C771FF20079AC31 /* ApplePayDemoTests.m */ = {isa = PBXFileReference; lastKnownFileType = sourcecode.c.objc; path = ApplePayDemoTests.m; sourceTree = "<group>"; };
		9F46D8F51C771FF20079AC31 /* Info.plist */ = {isa = PBXFileReference; lastKnownFileType = text.plist.xml; path = Info.plist; sourceTree = "<group>"; };
		9F46D8FA1C771FF20079AC31 /* ApplePayDemoUITests.xctest */ = {isa = PBXFileReference; explicitFileType = wrapper.cfbundle; includeInIndex = 0; path = ApplePayDemoUITests.xctest; sourceTree = BUILT_PRODUCTS_DIR; };
		9F46D8FE1C771FF20079AC31 /* ApplePayDemoUITests.m */ = {isa = PBXFileReference; lastKnownFileType = sourcecode.c.objc; path = ApplePayDemoUITests.m; sourceTree = "<group>"; };
		9F46D9001C771FF20079AC31 /* Info.plist */ = {isa = PBXFileReference; lastKnownFileType = text.plist.xml; path = Info.plist; sourceTree = "<group>"; };
		9F46D90C1C77203B0079AC31 /* ApplePayDemo.entitlements */ = {isa = PBXFileReference; lastKnownFileType = text.xml; path = ApplePayDemo.entitlements; sourceTree = "<group>"; };
		9F46D90F1C77266C0079AC31 /* PassKit.framework */ = {isa = PBXFileReference; lastKnownFileType = wrapper.framework; name = PassKit.framework; path = System/Library/Frameworks/PassKit.framework; sourceTree = SDKROOT; };
/* End PBXFileReference section */

/* Begin PBXFrameworksBuildPhase section */
		9F46D8D31C771FF20079AC31 /* Frameworks */ = {
			isa = PBXFrameworksBuildPhase;
			buildActionMask = 2147483647;
			files = (
				9F46D9101C77266C0079AC31 /* PassKit.framework in Frameworks */,
			);
			runOnlyForDeploymentPostprocessing = 0;
		};
		9F46D8EC1C771FF20079AC31 /* Frameworks */ = {
			isa = PBXFrameworksBuildPhase;
			buildActionMask = 2147483647;
			files = (
			);
			runOnlyForDeploymentPostprocessing = 0;
		};
		9F46D8F71C771FF20079AC31 /* Frameworks */ = {
			isa = PBXFrameworksBuildPhase;
			buildActionMask = 2147483647;
			files = (
			);
			runOnlyForDeploymentPostprocessing = 0;
		};
/* End PBXFrameworksBuildPhase section */

/* Begin PBXGroup section */
		8FC90F4E1C782E670036451F /* Vendors */ = {
			isa = PBXGroup;
			children = (
				8FC90F4F1C782E830036451F /* applePaySDK */,
			);
			path = Vendors;
			sourceTree = "<group>";
		};
		8FC90F4F1C782E830036451F /* applePaySDK */ = {
			isa = PBXGroup;
			children = (
				8FC90F501C782E830036451F /* inc */,
				8FC90F531C782E830036451F /* libs */,
			);
			path = applePaySDK;
			sourceTree = "<group>";
		};
		8FC90F501C782E830036451F /* inc */ = {
			isa = PBXGroup;
			children = (
				8FC90F511C782E830036451F /* UPAPayPlugin.h */,
				8FC90F521C782E830036451F /* UPAPayPluginDelegate.h */,
			);
			path = inc;
			sourceTree = "<group>";
		};
		8FC90F531C782E830036451F /* libs */ = {
			isa = PBXGroup;
			children = (
				8FC90F541C782E830036451F /* libUPAPayPlugin.a */,
			);
			path = libs;
			sourceTree = "<group>";
		};
		9F46D8CD1C771FF20079AC31 = {
			isa = PBXGroup;
			children = (
				9F46D90F1C77266C0079AC31 /* PassKit.framework */,
				9F46D8D81C771FF20079AC31 /* ApplePayDemo */,
				9F46D8F21C771FF20079AC31 /* ApplePayDemoTests */,
				9F46D8FD1C771FF20079AC31 /* ApplePayDemoUITests */,
				9F46D8D71C771FF20079AC31 /* Products */,
			);
			sourceTree = "<group>";
		};
		9F46D8D71C771FF20079AC31 /* Products */ = {
			isa = PBXGroup;
			children = (
				9F46D8D61C771FF20079AC31 /* ApplePayDemo.app */,
				9F46D8EF1C771FF20079AC31 /* ApplePayDemoTests.xctest */,
				9F46D8FA1C771FF20079AC31 /* ApplePayDemoUITests.xctest */,
			);
			name = Products;
			sourceTree = "<group>";
		};
		9F46D8D81C771FF20079AC31 /* ApplePayDemo */ = {
			isa = PBXGroup;
			children = (
				8FC90F4E1C782E670036451F /* Vendors */,
				9F46D90C1C77203B0079AC31 /* ApplePayDemo.entitlements */,
				9F46D8DC1C771FF20079AC31 /* AppDelegate.h */,
				9F46D8DD1C771FF20079AC31 /* AppDelegate.m */,
				9F46D8DF1C771FF20079AC31 /* ViewController.h */,
				9F46D8E01C771FF20079AC31 /* ViewController.m */,
				9F46D8E21C771FF20079AC31 /* Main.storyboard */,
				9F46D8E51C771FF20079AC31 /* Assets.xcassets */,
				9F46D8E71C771FF20079AC31 /* LaunchScreen.storyboard */,
				9F46D8EA1C771FF20079AC31 /* Info.plist */,
				9F46D8D91C771FF20079AC31 /* Supporting Files */,
			);
			path = ApplePayDemo;
			sourceTree = "<group>";
		};
		9F46D8D91C771FF20079AC31 /* Supporting Files */ = {
			isa = PBXGroup;
			children = (
				9F46D8DA1C771FF20079AC31 /* main.m */,
			);
			name = "Supporting Files";
			sourceTree = "<group>";
		};
		9F46D8F21C771FF20079AC31 /* ApplePayDemoTests */ = {
			isa = PBXGroup;
			children = (
				9F46D8F31C771FF20079AC31 /* ApplePayDemoTests.m */,
				9F46D8F51C771FF20079AC31 /* Info.plist */,
			);
			path = ApplePayDemoTests;
			sourceTree = "<group>";
		};
		9F46D8FD1C771FF20079AC31 /* ApplePayDemoUITests */ = {
			isa = PBXGroup;
			children = (
				9F46D8FE1C771FF20079AC31 /* ApplePayDemoUITests.m */,
				9F46D9001C771FF20079AC31 /* Info.plist */,
			);
			path = ApplePayDemoUITests;
			sourceTree = "<group>";
		};
/* End PBXGroup section */

/* Begin PBXNativeTarget section */
		9F46D8D51C771FF20079AC31 /* ApplePayDemo */ = {
			isa = PBXNativeTarget;
			buildConfigurationList = 9F46D9031C771FF20079AC31 /* Build configuration list for PBXNativeTarget "ApplePayDemo" */;
			buildPhases = (
				9F46D8D21C771FF20079AC31 /* Sources */,
				9F46D8D31C771FF20079AC31 /* Frameworks */,
				9F46D8D41C771FF20079AC31 /* Resources */,
			);
			buildRules = (
			);
			dependencies = (
			);
			name = ApplePayDemo;
			productName = ApplePayDemo;
			productReference = 9F46D8D61C771FF20079AC31 /* ApplePayDemo.app */;
			productType = "com.apple.product-type.application";
		};
		9F46D8EE1C771FF20079AC31 /* ApplePayDemoTests */ = {
			isa = PBXNativeTarget;
			buildConfigurationList = 9F46D9061C771FF20079AC31 /* Build configuration list for PBXNativeTarget "ApplePayDemoTests" */;
			buildPhases = (
				9F46D8EB1C771FF20079AC31 /* Sources */,
				9F46D8EC1C771FF20079AC31 /* Frameworks */,
				9F46D8ED1C771FF20079AC31 /* Resources */,
			);
			buildRules = (
			);
			dependencies = (
				9F46D8F11C771FF20079AC31 /* PBXTargetDependency */,
			);
			name = ApplePayDemoTests;
			productName = ApplePayDemoTests;
			productReference = 9F46D8EF1C771FF20079AC31 /* ApplePayDemoTests.xctest */;
			productType = "com.apple.product-type.bundle.unit-test";
		};
		9F46D8F91C771FF20079AC31 /* ApplePayDemoUITests */ = {
			isa = PBXNativeTarget;
			buildConfigurationList = 9F46D9091C771FF20079AC31 /* Build configuration list for PBXNativeTarget "ApplePayDemoUITests" */;
			buildPhases = (
				9F46D8F61C771FF20079AC31 /* Sources */,
				9F46D8F71C771FF20079AC31 /* Frameworks */,
				9F46D8F81C771FF20079AC31 /* Resources */,
			);
			buildRules = (
			);
			dependencies = (
				9F46D8FC1C771FF20079AC31 /* PBXTargetDependency */,
			);
			name = ApplePayDemoUITests;
			productName = ApplePayDemoUITests;
			productReference = 9F46D8FA1C771FF20079AC31 /* ApplePayDemoUITests.xctest */;
			productType = "com.apple.product-type.bundle.ui-testing";
		};
/* End PBXNativeTarget section */

/* Begin PBXProject section */
		9F46D8CE1C771FF20079AC31 /* Project object */ = {
			isa = PBXProject;
			attributes = {
				LastUpgradeCheck = 0720;
				ORGANIZATIONNAME = "Zhimei Inc.";
				TargetAttributes = {
					9F46D8D51C771FF20079AC31 = {
						CreatedOnToolsVersion = 7.2.1;
						DevelopmentTeam = 8T4PNLXJ4E;
						SystemCapabilities = {
							com.apple.OMC = {
								enabled = 1;
							};
							com.apple.Wallet = {
								enabled = 1;
							};
						};
					};
					9F46D8EE1C771FF20079AC31 = {
						CreatedOnToolsVersion = 7.2.1;
						TestTargetID = 9F46D8D51C771FF20079AC31;
					};
					9F46D8F91C771FF20079AC31 = {
						CreatedOnToolsVersion = 7.2.1;
						TestTargetID = 9F46D8D51C771FF20079AC31;
					};
				};
			};
			buildConfigurationList = 9F46D8D11C771FF20079AC31 /* Build configuration list for PBXProject "ApplePayDemo" */;
			compatibilityVersion = "Xcode 3.2";
			developmentRegion = English;
			hasScannedForEncodings = 0;
			knownRegions = (
				en,
				Base,
			);
			mainGroup = 9F46D8CD1C771FF20079AC31;
			productRefGroup = 9F46D8D71C771FF20079AC31 /* Products */;
			projectDirPath = "";
			projectRoot = "";
			targets = (
				9F46D8D51C771FF20079AC31 /* ApplePayDemo */,
				9F46D8EE1C771FF20079AC31 /* ApplePayDemoTests */,
				9F46D8F91C771FF20079AC31 /* ApplePayDemoUITests */,
			);
		};
/* End PBXProject section */

/* Begin PBXResourcesBuildPhase section */
		9F46D8D41C771FF20079AC31 /* Resources */ = {
			isa = PBXResourcesBuildPhase;
			buildActionMask = 2147483647;
			files = (
				9F46D8E91C771FF20079AC31 /* LaunchScreen.storyboard in Resources */,
				9F46D8E61C771FF20079AC31 /* Assets.xcassets in Resources */,
				9F46D8E41C771FF20079AC31 /* Main.storyboard in Resources */,
			);
			runOnlyForDeploymentPostprocessing = 0;
		};
		9F46D8ED1C771FF20079AC31 /* Resources */ = {
			isa = PBXResourcesBuildPhase;
			buildActionMask = 2147483647;
			files = (
			);
			runOnlyForDeploymentPostprocessing = 0;
		};
		9F46D8F81C771FF20079AC31 /* Resources */ = {
			isa = PBXResourcesBuildPhase;
			buildActionMask = 2147483647;
			files = (
			);
			runOnlyForDeploymentPostprocessing = 0;
		};
/* End PBXResourcesBuildPhase section */

/* Begin PBXSourcesBuildPhase section */
		9F46D8D21C771FF20079AC31 /* Sources */ = {
			isa = PBXSourcesBuildPhase;
			buildActionMask = 2147483647;
			files = (
				9F46D8E11C771FF20079AC31 /* ViewController.m in Sources */,
				9F46D8DE1C771FF20079AC31 /* AppDelegate.m in Sources */,
				9F46D8DB1C771FF20079AC31 /* main.m in Sources */,
			);
			runOnlyForDeploymentPostprocessing = 0;
		};
		9F46D8EB1C771FF20079AC31 /* Sources */ = {
			isa = PBXSourcesBuildPhase;
			buildActionMask = 2147483647;
			files = (
				9F46D8F41C771FF20079AC31 /* ApplePayDemoTests.m in Sources */,
			);
			runOnlyForDeploymentPostprocessing = 0;
		};
		9F46D8F61C771FF20079AC31 /* Sources */ = {
			isa = PBXSourcesBuildPhase;
			buildActionMask = 2147483647;
			files = (
				9F46D8FF1C771FF20079AC31 /* ApplePayDemoUITests.m in Sources */,
			);
			runOnlyForDeploymentPostprocessing = 0;
		};
/* End PBXSourcesBuildPhase section */

/* Begin PBXTargetDependency section */
		9F46D8F11C771FF20079AC31 /* PBXTargetDependency */ = {
			isa = PBXTargetDependency;
			target = 9F46D8D51C771FF20079AC31 /* ApplePayDemo */;
			targetProxy = 9F46D8F01C771FF20079AC31 /* PBXContainerItemProxy */;
		};
		9F46D8FC1C771FF20079AC31 /* PBXTargetDependency */ = {
			isa = PBXTargetDependency;
			target = 9F46D8D51C771FF20079AC31 /* ApplePayDemo */;
			targetProxy = 9F46D8FB1C771FF20079AC31 /* PBXContainerItemProxy */;
		};
/* End PBXTargetDependency section */

/* Begin PBXVariantGroup section */
		9F46D8E21C771FF20079AC31 /* Main.storyboard */ = {
			isa = PBXVariantGroup;
			children = (
				9F46D8E31C771FF20079AC31 /* Base */,
			);
			name = Main.storyboard;
			sourceTree = "<group>";
		};
		9F46D8E71C771FF20079AC31 /* LaunchScreen.storyboard */ = {
			isa = PBXVariantGroup;
			children = (
				9F46D8E81C771FF20079AC31 /* Base */,
			);
			name = LaunchScreen.storyboard;
			sourceTree = "<group>";
		};
/* End PBXVariantGroup section */

/* Begin XCBuildConfiguration section */
		9F46D9011C771FF20079AC31 /* Debug */ = {
			isa = XCBuildConfiguration;
			buildSettings = {
				ALWAYS_SEARCH_USER_PATHS = NO;
				CLANG_CXX_LANGUAGE_STANDARD = "gnu++0x";
				CLANG_CXX_LIBRARY = "libc++";
				CLANG_ENABLE_MODULES = YES;
				CLANG_ENABLE_OBJC_ARC = YES;
				CLANG_WARN_BOOL_CONVERSION = YES;
				CLANG_WARN_CONSTANT_CONVERSION = YES;
				CLANG_WARN_DIRECT_OBJC_ISA_USAGE = YES_ERROR;
				CLANG_WARN_EMPTY_BODY = YES;
				CLANG_WARN_ENUM_CONVERSION = YES;
				CLANG_WARN_INT_CONVERSION = YES;
				CLANG_WARN_OBJC_ROOT_CLASS = YES_ERROR;
				CLANG_WARN_UNREACHABLE_CODE = YES;
				CLANG_WARN__DUPLICATE_METHOD_MATCH = YES;
				"CODE_SIGN_IDENTITY[sdk=iphoneos*]" = "iPhone Developer";
				COPY_PHASE_STRIP = NO;
				DEBUG_INFORMATION_FORMAT = dwarf;
				ENABLE_STRICT_OBJC_MSGSEND = YES;
				ENABLE_TESTABILITY = YES;
				GCC_C_LANGUAGE_STANDARD = gnu99;
				GCC_DYNAMIC_NO_PIC = NO;
				GCC_NO_COMMON_BLOCKS = YES;
				GCC_OPTIMIZATION_LEVEL = 0;
				GCC_PREPROCESSOR_DEFINITIONS = (
					"DEBUG=1",
					"$(inherited)",
				);
				GCC_WARN_64_TO_32_BIT_CONVERSION = YES;
				GCC_WARN_ABOUT_RETURN_TYPE = YES_ERROR;
				GCC_WARN_UNDECLARED_SELECTOR = YES;
				GCC_WARN_UNINITIALIZED_AUTOS = YES_AGGRESSIVE;
				GCC_WARN_UNUSED_FUNCTION = YES;
				GCC_WARN_UNUSED_VARIABLE = YES;
				IPHONEOS_DEPLOYMENT_TARGET = 9.2;
				MTL_ENABLE_DEBUG_INFO = YES;
				ONLY_ACTIVE_ARCH = YES;
				SDKROOT = iphoneos;
			};
			name = Debug;
		};
		9F46D9021C771FF20079AC31 /* Release */ = {
			isa = XCBuildConfiguration;
			buildSettings = {
				ALWAYS_SEARCH_USER_PATHS = NO;
				CLANG_CXX_LANGUAGE_STANDARD = "gnu++0x";
				CLANG_CXX_LIBRARY = "libc++";
				CLANG_ENABLE_MODULES = YES;
				CLANG_ENABLE_OBJC_ARC = YES;
				CLANG_WARN_BOOL_CONVERSION = YES;
				CLANG_WARN_CONSTANT_CONVERSION = YES;
				CLANG_WARN_DIRECT_OBJC_ISA_USAGE = YES_ERROR;
				CLANG_WARN_EMPTY_BODY = YES;
				CLANG_WARN_ENUM_CONVERSION = YES;
				CLANG_WARN_INT_CONVERSION = YES;
				CLANG_WARN_OBJC_ROOT_CLASS = YES_ERROR;
				CLANG_WARN_UNREACHABLE_CODE = YES;
				CLANG_WARN__DUPLICATE_METHOD_MATCH = YES;
				"CODE_SIGN_IDENTITY[sdk=iphoneos*]" = "iPhone Developer";
				COPY_PHASE_STRIP = NO;
				DEBUG_INFORMATION_FORMAT = "dwarf-with-dsym";
				ENABLE_NS_ASSERTIONS = NO;
				ENABLE_STRICT_OBJC_MSGSEND = YES;
				GCC_C_LANGUAGE_STANDARD = gnu99;
				GCC_NO_COMMON_BLOCKS = YES;
				GCC_WARN_64_TO_32_BIT_CONVERSION = YES;
				GCC_WARN_ABOUT_RETURN_TYPE = YES_ERROR;
				GCC_WARN_UNDECLARED_SELECTOR = YES;
				GCC_WARN_UNINITIALIZED_AUTOS = YES_AGGRESSIVE;
				GCC_WARN_UNUSED_FUNCTION = YES;
				GCC_WARN_UNUSED_VARIABLE = YES;
				IPHONEOS_DEPLOYMENT_TARGET = 9.2;
				MTL_ENABLE_DEBUG_INFO = NO;
				SDKROOT = iphoneos;
				VALIDATE_PRODUCT = YES;
			};
			name = Release;
		};
		9F46D9041C771FF20079AC31 /* Debug */ = {
			isa = XCBuildConfiguration;
			buildSettings = {
				ASSETCATALOG_COMPILER_APPICON_NAME = AppIcon;
				CODE_SIGN_ENTITLEMENTS = ApplePayDemo/ApplePayDemo.entitlements;
				CODE_SIGN_IDENTITY = "iPhone Developer";
				"CODE_SIGN_IDENTITY[sdk=iphoneos*]" = "iPhone Developer";
				INFOPLIST_FILE = ApplePayDemo/Info.plist;
				LD_RUNPATH_SEARCH_PATHS = "$(inherited) @executable_path/Frameworks";
				LIBRARY_SEARCH_PATHS = (
					"$(inherited)",
					"$(PROJECT_DIR)/ApplePayDemo/Vendors/applePaySDK/libs",
				);
				PRODUCT_BUNDLE_IDENTIFIER = com.zhimei360.demo.ApplePayDemo;
				PRODUCT_NAME = "$(TARGET_NAME)";
				PROVISIONING_PROFILE = "";
			};
			name = Debug;
		};
		9F46D9051C771FF20079AC31 /* Release */ = {
			isa = XCBuildConfiguration;
			buildSettings = {
				ASSETCATALOG_COMPILER_APPICON_NAME = AppIcon;
				CODE_SIGN_ENTITLEMENTS = ApplePayDemo/ApplePayDemo.entitlements;
				CODE_SIGN_IDENTITY = "iPhone Developer";
				"CODE_SIGN_IDENTITY[sdk=iphoneos*]" = "iPhone Developer";
				INFOPLIST_FILE = ApplePayDemo/Info.plist;
				LD_RUNPATH_SEARCH_PATHS = "$(inherited) @executable_path/Frameworks";
				LIBRARY_SEARCH_PATHS = (
					"$(inherited)",
					"$(PROJECT_DIR)/ApplePayDemo/Vendors/applePaySDK/libs",
				);
				PRODUCT_BUNDLE_IDENTIFIER = com.zhimei360.demo.ApplePayDemo;
				PRODUCT_NAME = "$(TARGET_NAME)";
				PROVISIONING_PROFILE = "";
			};
			name = Release;
		};
		9F46D9071C771FF20079AC31 /* Debug */ = {
			isa = XCBuildConfiguration;
			buildSettings = {
				BUNDLE_LOADER = "$(TEST_HOST)";
				INFOPLIST_FILE = ApplePayDemoTests/Info.plist;
				LD_RUNPATH_SEARCH_PATHS = "$(inherited) @executable_path/Frameworks @loader_path/Frameworks";
				LIBRARY_SEARCH_PATHS = (
					"$(inherited)",
					"$(PROJECT_DIR)/ApplePayDemo/Vendors/applePaySDK/libs",
				);
				PRODUCT_BUNDLE_IDENTIFIER = com.zhimei360.demo.ApplePayDemoTests;
				PRODUCT_NAME = "$(TARGET_NAME)";
				TEST_HOST = "$(BUILT_PRODUCTS_DIR)/ApplePayDemo.app/ApplePayDemo";
			};
			name = Debug;
		};
		9F46D9081C771FF20079AC31 /* Release */ = {
			isa = XCBuildConfiguration;
			buildSettings = {
				BUNDLE_LOADER = "$(TEST_HOST)";
				INFOPLIST_FILE = ApplePayDemoTests/Info.plist;
				LD_RUNPATH_SEARCH_PATHS = "$(inherited) @executable_path/Frameworks @loader_path/Frameworks";
				LIBRARY_SEARCH_PATHS = (
					"$(inherited)",
					"$(PROJECT_DIR)/ApplePayDemo/Vendors/applePaySDK/libs",
				);
				PRODUCT_BUNDLE_IDENTIFIER = com.zhimei360.demo.ApplePayDemoTests;
				PRODUCT_NAME = "$(TARGET_NAME)";
				TEST_HOST = "$(BUILT_PRODUCTS_DIR)/ApplePayDemo.app/ApplePayDemo";
			};
			name = Release;
		};
		9F46D90A1C771FF20079AC31 /* Debug */ = {
			isa = XCBuildConfiguration;
			buildSettings = {
				INFOPLIST_FILE = ApplePayDemoUITests/Info.plist;
				LD_RUNPATH_SEARCH_PATHS = "$(inherited) @executable_path/Frameworks @loader_path/Frameworks";
				PRODUCT_BUNDLE_IDENTIFIER = com.zhimei360.demo.ApplePayDemoUITests;
				PRODUCT_NAME = "$(TARGET_NAME)";
				TEST_TARGET_NAME = ApplePayDemo;
				USES_XCTRUNNER = YES;
			};
			name = Debug;
		};
		9F46D90B1C771FF20079AC31 /* Release */ = {
			isa = XCBuildConfiguration;
			buildSettings = {
				INFOPLIST_FILE = ApplePayDemoUITests/Info.plist;
				LD_RUNPATH_SEARCH_PATHS = "$(inherited) @executable_path/Frameworks @loader_path/Frameworks";
				PRODUCT_BUNDLE_IDENTIFIER = com.zhimei360.demo.ApplePayDemoUITests;
				PRODUCT_NAME = "$(TARGET_NAME)";
				TEST_TARGET_NAME = ApplePayDemo;
				USES_XCTRUNNER = YES;
			};
			name = Release;
		};
/* End XCBuildConfiguration section */

/* Begin XCConfigurationList section */
		9F46D8D11C771FF20079AC31 /* Build configuration list for PBXProject "ApplePayDemo" */ = {
			isa = XCConfigurationList;
			buildConfigurations = (
				9F46D9011C771FF20079AC31 /* Debug */,
				9F46D9021C771FF20079AC31 /* Release */,
			);
			defaultConfigurationIsVisible = 0;
			defaultConfigurationName = Release;
		};
		9F46D9031C771FF20079AC31 /* Build configuration list for PBXNativeTarget "ApplePayDemo" */ = {
			isa = XCConfigurationList;
			buildConfigurations = (
				9F46D9041C771FF20079AC31 /* Debug */,
				9F46D9051C771FF20079AC31 /* Release */,
			);
			defaultConfigurationIsVisible = 0;
			defaultConfigurationName = Release;
		};
		9F46D9061C771FF20079AC31 /* Build configuration list for PBXNativeTarget "ApplePayDemoTests" */ = {
			isa = XCConfigurationList;
			buildConfigurations = (
				9F46D9071C771FF20079AC31 /* Debug */,
				9F46D9081C771FF20079AC31 /* Release */,
			);
			defaultConfigurationIsVisible = 0;
			defaultConfigurationName = Release;
		};
		9F46D9091C771FF20079AC31 /* Build configuration list for PBXNativeTarget "ApplePayDemoUITests" */ = {
			isa = XCConfigurationList;
			buildConfigurations = (
				9F46D90A1C771FF20079AC31 /* Debug */,
				9F46D90B1C771FF20079AC31 /* Release */,
			);
			defaultConfigurationIsVisible = 0;
			defaultConfigurationName = Release;
		};
/* End XCConfigurationList section */
	};
	rootObject = 9F46D8CE1C771FF20079AC31 /* Project object */;
}
